
Microsoft Visual Studio Solution File, Format Version 12.00
# Visual Studio Version 16
VisualStudioVersion = 16.0.32106.194
MinimumVisualStudioVersion = 10.0.40219.1
Project("{FAE04EC0-301F-11D3-BF4B-00C04F79EFBC}") = "AlgoCS", "AlgoCS\AlgoCS.csproj", "{294F0E46-203B-43B7-8FFC-CEDB981EA5B5}"
EndProject
Global
	GlobalSection(SolutionConfigurationPlatforms) = preSolution
		Debug|Any CPU = Debug|Any CPU
		Release|Any CPU = Release|Any CPU
	EndGlobalSection
	GlobalSection(ProjectConfigurationPlatforms) = postSolution
		{294F0E46-203B-43B7-8FFC-CEDB981EA5B5}.Debug|Any CPU.ActiveCfg = Debug|Any CPU
		{294F0E46-203B-43B7-8FFC-CEDB981EA5B5}.Debug|Any CPU.Build.0 = Debug|Any CPU
		{294F0E46-203B-43B7-8FFC-CEDB981EA5B5}.Release|Any CPU.ActiveCfg = Release|Any CPU
		{294F0E46-203B-43B7-8FFC-CEDB981EA5B5}.Release|Any CPU.Build.0 = Release|Any CPU
	EndGlobalSection
	GlobalSection(SolutionProperties) = preSolution
		HideSolutionNode = FALSE
	EndGlobalSection
	GlobalSection(ExtensibilityGlobals) = postSolution
		SolutionGuid = {57A4FF95-AD52-4FC6-A0DE-42307F63FB91}
	EndGlobalSection
EndGlobal
