
Microsoft Visual Studio Solution File, Format Version 12.00
# Visual Studio Version 16
VisualStudioVersion = 16.0.31911.196
MinimumVisualStudioVersion = 10.0.40219.1
Project("{FAE04EC0-301F-11D3-BF4B-00C04F79EFBC}") = "gitTest", "gitTest\gitTest.csproj", "{9A31F8B8-31D6-4346-982E-2D51DA57D739}"
EndProject
Global
	GlobalSection(SolutionConfigurationPlatforms) = preSolution
		Debug|Any CPU = Debug|Any CPU
		Release|Any CPU = Release|Any CPU
	EndGlobalSection
	GlobalSection(ProjectConfigurationPlatforms) = postSolution
		{9A31F8B8-31D6-4346-982E-2D51DA57D739}.Debug|Any CPU.ActiveCfg = Debug|Any CPU
		{9A31F8B8-31D6-4346-982E-2D51DA57D739}.Debug|Any CPU.Build.0 = Debug|Any CPU
		{9A31F8B8-31D6-4346-982E-2D51DA57D739}.Release|Any CPU.ActiveCfg = Release|Any CPU
		{9A31F8B8-31D6-4346-982E-2D51DA57D739}.Release|Any CPU.Build.0 = Release|Any CPU
	EndGlobalSection
	GlobalSection(SolutionProperties) = preSolution
		HideSolutionNode = FALSE
	EndGlobalSection
	GlobalSection(ExtensibilityGlobals) = postSolution
		SolutionGuid = {F8279CD6-E3E7-4FF4-B77F-532B68A1A81C}
	EndGlobalSection
EndGlobal
